
Microsoft Visual Studio Solution File, Format Version 12.00
# Visual Studio Version 17
VisualStudioVersion = 17.7.34221.43
MinimumVisualStudioVersion = 10.0.40219.1
Project("{FAE04EC0-301F-11D3-BF4B-00C04F79EFBC}") = "ConcertBoxxd", "ConcertBoxxd\ConcertBoxxd.csproj", "{6A7E13BA-4D6A-4B5A-AD8C-2CCD12FA138D}"
EndProject
Global
	GlobalSection(SolutionConfigurationPlatforms) = preSolution
		Debug|Any CPU = Debug|Any CPU
		Release|Any CPU = Release|Any CPU
	EndGlobalSection
	GlobalSection(ProjectConfigurationPlatforms) = postSolution
		{6A7E13BA-4D6A-4B5A-AD8C-2CCD12FA138D}.Debug|Any CPU.ActiveCfg = Debug|Any CPU
		{6A7E13BA-4D6A-4B5A-AD8C-2CCD12FA138D}.Debug|Any CPU.Build.0 = Debug|Any CPU
		{6A7E13BA-4D6A-4B5A-AD8C-2CCD12FA138D}.Release|Any CPU.ActiveCfg = Release|Any CPU
		{6A7E13BA-4D6A-4B5A-AD8C-2CCD12FA138D}.Release|Any CPU.Build.0 = Release|Any CPU
	EndGlobalSection
	GlobalSection(SolutionProperties) = preSolution
		HideSolutionNode = FALSE
	EndGlobalSection
	GlobalSection(ExtensibilityGlobals) = postSolution
		SolutionGuid = {A2A0B1A2-41E7-4E42-AE49-DE42F587DDD8}
	EndGlobalSection
EndGlobal
